
Microsoft Visual Studio Solution File, Format Version 12.00
# Visual Studio Version 17
VisualStudioVersion = 17.9.34622.214
MinimumVisualStudioVersion = 10.0.40219.1
Project("{FAE04EC0-301F-11D3-BF4B-00C04F79EFBC}") = "Cool Co Fridge Management", "Cool Co Fridge Management\Cool Co Fridge Management.csproj", "{F32E2276-A885-4BA7-B394-F40E9211A848}"
EndProject
Global
	GlobalSection(SolutionConfigurationPlatforms) = preSolution
		Debug|Any CPU = Debug|Any CPU
		Release|Any CPU = Release|Any CPU
	EndGlobalSection
	GlobalSection(ProjectConfigurationPlatforms) = postSolution
		{F32E2276-A885-4BA7-B394-F40E9211A848}.Debug|Any CPU.ActiveCfg = Debug|Any CPU
		{F32E2276-A885-4BA7-B394-F40E9211A848}.Debug|Any CPU.Build.0 = Debug|Any CPU
		{F32E2276-A885-4BA7-B394-F40E9211A848}.Release|Any CPU.ActiveCfg = Release|Any CPU
		{F32E2276-A885-4BA7-B394-F40E9211A848}.Release|Any CPU.Build.0 = Release|Any CPU
	EndGlobalSection
	GlobalSection(SolutionProperties) = preSolution
		HideSolutionNode = FALSE
	EndGlobalSection
	GlobalSection(ExtensibilityGlobals) = postSolution
		SolutionGuid = {025D6E1C-D0C7-46B9-B505-08053E92D7A2}
	EndGlobalSection
EndGlobal
